
Microsoft Visual Studio Solution File, Format Version 12.00
# Visual Studio 15
VisualStudioVersion = 15.0.27703.2000
MinimumVisualStudioVersion = 10.0.40219.1
Project("{F184B08F-C81C-45F6-A57F-5ABD9991F28F}") = "Acta", "ProgramaMateria\Acta.vbproj", "{41E3DDC9-F6FA-4DB2-8C5B-01658F8BA3EF}"
EndProject
Project("{F184B08F-C81C-45F6-A57F-5ABD9991F28F}") = "AccesoDatos", "AccesoDatos\AccesoDatos.vbproj", "{1D91BDC8-6C83-4BC4-BCC6-3CEB438D9314}"
EndProject
Project("{F184B08F-C81C-45F6-A57F-5ABD9991F28F}") = "ClasesActa", "ClasesProgramaMateria\ClasesActa.vbproj", "{EEC5DB7C-B9F6-4B88-878D-43865CFA9014}"
EndProject
Global
	GlobalSection(SolutionConfigurationPlatforms) = preSolution
		Debug|Any CPU = Debug|Any CPU
		Release|Any CPU = Release|Any CPU
	EndGlobalSection
	GlobalSection(ProjectConfigurationPlatforms) = postSolution
		{41E3DDC9-F6FA-4DB2-8C5B-01658F8BA3EF}.Debug|Any CPU.ActiveCfg = Debug|Any CPU
		{41E3DDC9-F6FA-4DB2-8C5B-01658F8BA3EF}.Debug|Any CPU.Build.0 = Debug|Any CPU
		{41E3DDC9-F6FA-4DB2-8C5B-01658F8BA3EF}.Release|Any CPU.ActiveCfg = Release|Any CPU
		{41E3DDC9-F6FA-4DB2-8C5B-01658F8BA3EF}.Release|Any CPU.Build.0 = Release|Any CPU
		{1D91BDC8-6C83-4BC4-BCC6-3CEB438D9314}.Debug|Any CPU.ActiveCfg = Debug|Any CPU
		{1D91BDC8-6C83-4BC4-BCC6-3CEB438D9314}.Debug|Any CPU.Build.0 = Debug|Any CPU
		{1D91BDC8-6C83-4BC4-BCC6-3CEB438D9314}.Release|Any CPU.ActiveCfg = Release|Any CPU
		{1D91BDC8-6C83-4BC4-BCC6-3CEB438D9314}.Release|Any CPU.Build.0 = Release|Any CPU
		{EEC5DB7C-B9F6-4B88-878D-43865CFA9014}.Debug|Any CPU.ActiveCfg = Debug|Any CPU
		{EEC5DB7C-B9F6-4B88-878D-43865CFA9014}.Debug|Any CPU.Build.0 = Debug|Any CPU
		{EEC5DB7C-B9F6-4B88-878D-43865CFA9014}.Release|Any CPU.ActiveCfg = Release|Any CPU
		{EEC5DB7C-B9F6-4B88-878D-43865CFA9014}.Release|Any CPU.Build.0 = Release|Any CPU
	EndGlobalSection
	GlobalSection(SolutionProperties) = preSolution
		HideSolutionNode = FALSE
	EndGlobalSection
	GlobalSection(ExtensibilityGlobals) = postSolution
		SolutionGuid = {ED421F92-F23F-4739-995E-FF2440B22000}
	EndGlobalSection
EndGlobal
